
Microsoft Visual Studio Solution File, Format Version 12.00
# Visual Studio Version 17
VisualStudioVersion = 17.11.35219.272
MinimumVisualStudioVersion = 10.0.40219.1
Project("{FAE04EC0-301F-11D3-BF4B-00C04F79EFBC}") = "FutureValue", "FutureValue.csproj", "{8882A7A3-CE3D-4B2A-9E8C-D6837215148A}"
EndProject
Global
	GlobalSection(SolutionConfigurationPlatforms) = preSolution
		Debug|Any CPU = Debug|Any CPU
		Release|Any CPU = Release|Any CPU
	EndGlobalSection
	GlobalSection(ProjectConfigurationPlatforms) = postSolution
		{8882A7A3-CE3D-4B2A-9E8C-D6837215148A}.Debug|Any CPU.ActiveCfg = Debug|Any CPU
		{8882A7A3-CE3D-4B2A-9E8C-D6837215148A}.Debug|Any CPU.Build.0 = Debug|Any CPU
		{8882A7A3-CE3D-4B2A-9E8C-D6837215148A}.Release|Any CPU.ActiveCfg = Release|Any CPU
		{8882A7A3-CE3D-4B2A-9E8C-D6837215148A}.Release|Any CPU.Build.0 = Release|Any CPU
	EndGlobalSection
	GlobalSection(SolutionProperties) = preSolution
		HideSolutionNode = FALSE
	EndGlobalSection
	GlobalSection(ExtensibilityGlobals) = postSolution
		SolutionGuid = {5E02AE83-D2ED-46D4-B31A-F3E1C0BB2039}
	EndGlobalSection
EndGlobal
